
Microsoft Visual Studio Solution File, Format Version 12.00
# Visual Studio Version 17
VisualStudioVersion = 17.0.31903.59
MinimumVisualStudioVersion = 10.0.40219.1
Project("{2150E333-8FDC-42A3-9474-1A3956D46DE8}") = "src", "src", "{827E0CD3-B72D-47B6-A68D-7590B98EB39B}"
EndProject
Project("{2150E333-8FDC-42A3-9474-1A3956D46DE8}") = "BuildingBlocks", "BuildingBlocks", "{90298CBA-BD6F-3A0A-69D5-97CAD7B05E7E}"
EndProject
Project("{FAE04EC0-301F-11D3-BF4B-00C04F79EFBC}") = "AdminPlatform.SharedKernel", "src\BuildingBlocks\AdminPlatform.SharedKernel\AdminPlatform.SharedKernel.csproj", "{B0BBDD05-51B3-4D94-8C6F-0A3E68AA38E0}"
EndProject
Project("{FAE04EC0-301F-11D3-BF4B-00C04F79EFBC}") = "AdminPlatform.Common", "src\BuildingBlocks\AdminPlatform.Common\AdminPlatform.Common.csproj", "{D45E337B-59AA-4701-8A58-CB6C0861A011}"
EndProject
Project("{FAE04EC0-301F-11D3-BF4B-00C04F79EFBC}") = "AdminPlatform.Modules.Identity", "src\Modules\Identity\AdminPlatform.Modules.Identity\AdminPlatform.Modules.Identity.csproj", "{90E9559E-5FCF-463D-8A7F-54E44B913E66}"
EndProject
Project("{FAE04EC0-301F-11D3-BF4B-00C04F79EFBC}") = "AdminPlatform.Modules.AccessControl", "src\Modules\AccessControl\AdminPlatform.Modules.AccessControl\AdminPlatform.Modules.AccessControl.csproj", "{7C8B872E-E545-4E0B-B455-6E46291D3C66}"
EndProject
Project("{FAE04EC0-301F-11D3-BF4B-00C04F79EFBC}") = "AdminPlatform.Modules.Organization", "src\Modules\Organization\AdminPlatform.Modules.Organization\AdminPlatform.Modules.Organization.csproj", "{527D885C-2D0F-4874-AF2E-ACB621C61798}"
EndProject
Project("{FAE04EC0-301F-11D3-BF4B-00C04F79EFBC}") = "AdminPlatform.Modules.Navigation", "src\Modules\Navigation\AdminPlatform.Modules.Navigation\AdminPlatform.Modules.Navigation.csproj", "{911B26A2-2936-4152-9287-C0F84989CEDE}"
EndProject
Project("{FAE04EC0-301F-11D3-BF4B-00C04F79EFBC}") = "AdminPlatform.Modules.Platform", "src\Modules\Platform\AdminPlatform.Modules.Platform\AdminPlatform.Modules.Platform.csproj", "{2C164F02-2748-4DD7-81A7-2EBEEAAFB59B}"
EndProject
Project("{FAE04EC0-301F-11D3-BF4B-00C04F79EFBC}") = "AdminPlatform.Api", "src\Host\AdminPlatform.Api\AdminPlatform.Api.csproj", "{60838153-1E5B-430B-BB41-72FB7B8E82DC}"
EndProject
Project("{FAE04EC0-301F-11D3-BF4B-00C04F79EFBC}") = "AdminPlatform.Migrator", "src\Tools\AdminPlatform.Migrator\AdminPlatform.Migrator.csproj", "{F2E86D48-974F-4455-8BBF-4E3362D1871F}"
EndProject
Project("{FAE04EC0-301F-11D3-BF4B-00C04F79EFBC}") = "AdminPlatform.UnitTests", "tests\AdminPlatform.UnitTests\AdminPlatform.UnitTests.csproj", "{2679CE71-217B-4A6C-B01F-624044789CFF}"
EndProject
Project("{FAE04EC0-301F-11D3-BF4B-00C04F79EFBC}") = "AdminPlatform.ArchitectureTests", "tests\AdminPlatform.ArchitectureTests\AdminPlatform.ArchitectureTests.csproj", "{299B19E5-B535-4D7F-8376-BFAC2994D3EC}"
EndProject
Project("{FAE04EC0-301F-11D3-BF4B-00C04F79EFBC}") = "AdminPlatform.IntegrationTests", "tests\AdminPlatform.IntegrationTests\AdminPlatform.IntegrationTests.csproj", "{9820C2EB-3712-44B1-B9A7-059E8E3AEB3E}"
EndProject
Global
	GlobalSection(SolutionConfigurationPlatforms) = preSolution
		Debug|Any CPU = Debug|Any CPU
		Debug|x64 = Debug|x64
		Debug|x86 = Debug|x86
		Release|Any CPU = Release|Any CPU
		Release|x64 = Release|x64
		Release|x86 = Release|x86
	EndGlobalSection
	GlobalSection(ProjectConfigurationPlatforms) = postSolution
		{B0BBDD05-51B3-4D94-8C6F-0A3E68AA38E0}.Debug|Any CPU.ActiveCfg = Debug|Any CPU
		{B0BBDD05-51B3-4D94-8C6F-0A3E68AA38E0}.Debug|Any CPU.Build.0 = Debug|Any CPU
		{B0BBDD05-51B3-4D94-8C6F-0A3E68AA38E0}.Debug|x64.ActiveCfg = Debug|Any CPU
		{B0BBDD05-51B3-4D94-8C6F-0A3E68AA38E0}.Debug|x64.Build.0 = Debug|Any CPU
		{B0BBDD05-51B3-4D94-8C6F-0A3E68AA38E0}.Debug|x86.ActiveCfg = Debug|Any CPU
		{B0BBDD05-51B3-4D94-8C6F-0A3E68AA38E0}.Debug|x86.Build.0 = Debug|Any CPU
		{B0BBDD05-51B3-4D94-8C6F-0A3E68AA38E0}.Release|Any CPU.ActiveCfg = Release|Any CPU
		{B0BBDD05-51B3-4D94-8C6F-0A3E68AA38E0}.Release|Any CPU.Build.0 = Release|Any CPU
		{B0BBDD05-51B3-4D94-8C6F-0A3E68AA38E0}.Release|x64.ActiveCfg = Release|Any CPU
		{B0BBDD05-51B3-4D94-8C6F-0A3E68AA38E0}.Release|x64.Build.0 = Release|Any CPU
		{B0BBDD05-51B3-4D94-8C6F-0A3E68AA38E0}.Release|x86.ActiveCfg = Release|Any CPU
		{B0BBDD05-51B3-4D94-8C6F-0A3E68AA38E0}.Release|x86.Build.0 = Release|Any CPU
		{D45E337B-59AA-4701-8A58-CB6C0861A011}.Debug|Any CPU.ActiveCfg = Debug|Any CPU
		{D45E337B-59AA-4701-8A58-CB6C0861A011}.Debug|Any CPU.Build.0 = Debug|Any CPU
		{D45E337B-59AA-4701-8A58-CB6C0861A011}.Debug|x64.ActiveCfg = Debug|Any CPU
		{D45E337B-59AA-4701-8A58-CB6C0861A011}.Debug|x64.Build.0 = Debug|Any CPU
		{D45E337B-59AA-4701-8A58-CB6C0861A011}.Debug|x86.ActiveCfg = Debug|Any CPU
		{D45E337B-59AA-4701-8A58-CB6C0861A011}.Debug|x86.Build.0 = Debug|Any CPU
		{D45E337B-59AA-4701-8A58-CB6C0861A011}.Release|Any CPU.ActiveCfg = Release|Any CPU
		{D45E337B-59AA-4701-8A58-CB6C0861A011}.Release|Any CPU.Build.0 = Release|Any CPU
		{D45E337B-59AA-4701-8A58-CB6C0861A011}.Release|x64.ActiveCfg = Release|Any CPU
		{D45E337B-59AA-4701-8A58-CB6C0861A011}.Release|x64.Build.0 = Release|Any CPU
		{D45E337B-59AA-4701-8A58-CB6C0861A011}.Release|x86.ActiveCfg = Release|Any CPU
		{D45E337B-59AA-4701-8A58-CB6C0861A011}.Release|x86.Build.0 = Release|Any CPU
		{90E9559E-5FCF-463D-8A7F-54E44B913E66}.Debug|Any CPU.ActiveCfg = Debug|Any CPU
		{90E9559E-5FCF-463D-8A7F-54E44B913E66}.Debug|Any CPU.Build.0 = Debug|Any CPU
		{90E9559E-5FCF-463D-8A7F-54E44B913E66}.Debug|x64.ActiveCfg = Debug|Any CPU
		{90E9559E-5FCF-463D-8A7F-54E44B913E66}.Debug|x64.Build.0 = Debug|Any CPU
		{90E9559E-5FCF-463D-8A7F-54E44B913E66}.Debug|x86.ActiveCfg = Debug|Any CPU
		{90E9559E-5FCF-463D-8A7F-54E44B913E66}.Debug|x86.Build.0 = Debug|Any CPU
		{90E9559E-5FCF-463D-8A7F-54E44B913E66}.Release|Any CPU.ActiveCfg = Release|Any CPU
		{90E9559E-5FCF-463D-8A7F-54E44B913E66}.Release|Any CPU.Build.0 = Release|Any CPU
		{90E9559E-5FCF-463D-8A7F-54E44B913E66}.Release|x64.ActiveCfg = Release|Any CPU
		{90E9559E-5FCF-463D-8A7F-54E44B913E66}.Release|x64.Build.0 = Release|Any CPU
		{90E9559E-5FCF-463D-8A7F-54E44B913E66}.Release|x86.ActiveCfg = Release|Any CPU
		{90E9559E-5FCF-463D-8A7F-54E44B913E66}.Release|x86.Build.0 = Release|Any CPU
		{7C8B872E-E545-4E0B-B455-6E46291D3C66}.Debug|Any CPU.ActiveCfg = Debug|Any CPU
		{7C8B872E-E545-4E0B-B455-6E46291D3C66}.Debug|Any CPU.Build.0 = Debug|Any CPU
		{7C8B872E-E545-4E0B-B455-6E46291D3C66}.Debug|x64.ActiveCfg = Debug|Any CPU
		{7C8B872E-E545-4E0B-B455-6E46291D3C66}.Debug|x64.Build.0 = Debug|Any CPU
		{7C8B872E-E545-4E0B-B455-6E46291D3C66}.Debug|x86.ActiveCfg = Debug|Any CPU
		{7C8B872E-E545-4E0B-B455-6E46291D3C66}.Debug|x86.Build.0 = Debug|Any CPU
		{7C8B872E-E545-4E0B-B455-6E46291D3C66}.Release|Any CPU.ActiveCfg = Release|Any CPU
		{7C8B872E-E545-4E0B-B455-6E46291D3C66}.Release|Any CPU.Build.0 = Release|Any CPU
		{7C8B872E-E545-4E0B-B455-6E46291D3C66}.Release|x64.ActiveCfg = Release|Any CPU
		{7C8B872E-E545-4E0B-B455-6E46291D3C66}.Release|x64.Build.0 = Release|Any CPU
		{7C8B872E-E545-4E0B-B455-6E46291D3C66}.Release|x86.ActiveCfg = Release|Any CPU
		{7C8B872E-E545-4E0B-B455-6E46291D3C66}.Release|x86.Build.0 = Release|Any CPU
		{527D885C-2D0F-4874-AF2E-ACB621C61798}.Debug|Any CPU.ActiveCfg = Debug|Any CPU
		{527D885C-2D0F-4874-AF2E-ACB621C61798}.Debug|Any CPU.Build.0 = Debug|Any CPU
		{527D885C-2D0F-4874-AF2E-ACB621C61798}.Debug|x64.ActiveCfg = Debug|Any CPU
		{527D885C-2D0F-4874-AF2E-ACB621C61798}.Debug|x64.Build.0 = Debug|Any CPU
		{527D885C-2D0F-4874-AF2E-ACB621C61798}.Debug|x86.ActiveCfg = Debug|Any CPU
		{527D885C-2D0F-4874-AF2E-ACB621C61798}.Debug|x86.Build.0 = Debug|Any CPU
		{527D885C-2D0F-4874-AF2E-ACB621C61798}.Release|Any CPU.ActiveCfg = Release|Any CPU
		{527D885C-2D0F-4874-AF2E-ACB621C61798}.Release|Any CPU.Build.0 = Release|Any CPU
		{527D885C-2D0F-4874-AF2E-ACB621C61798}.Release|x64.ActiveCfg = Release|Any CPU
		{527D885C-2D0F-4874-AF2E-ACB621C61798}.Release|x64.Build.0 = Release|Any CPU
		{527D885C-2D0F-4874-AF2E-ACB621C61798}.Release|x86.ActiveCfg = Release|Any CPU
		{527D885C-2D0F-4874-AF2E-ACB621C61798}.Release|x86.Build.0 = Release|Any CPU
		{911B26A2-2936-4152-9287-C0F84989CEDE}.Debug|Any CPU.ActiveCfg = Debug|Any CPU
		{911B26A2-2936-4152-9287-C0F84989CEDE}.Debug|Any CPU.Build.0 = Debug|Any CPU
		{911B26A2-2936-4152-9287-C0F84989CEDE}.Debug|x64.ActiveCfg = Debug|Any CPU
		{911B26A2-2936-4152-9287-C0F84989CEDE}.Debug|x64.Build.0 = Debug|Any CPU
		{911B26A2-2936-4152-9287-C0F84989CEDE}.Debug|x86.ActiveCfg = Debug|Any CPU
		{911B26A2-2936-4152-9287-C0F84989CEDE}.Debug|x86.Build.0 = Debug|Any CPU
		{911B26A2-2936-4152-9287-C0F84989CEDE}.Release|Any CPU.ActiveCfg = Release|Any CPU
		{911B26A2-2936-4152-9287-C0F84989CEDE}.Release|Any CPU.Build.0 = Release|Any CPU
		{911B26A2-2936-4152-9287-C0F84989CEDE}.Release|x64.ActiveCfg = Release|Any CPU
		{911B26A2-2936-4152-9287-C0F84989CEDE}.Release|x64.Build.0 = Release|Any CPU
		{911B26A2-2936-4152-9287-C0F84989CEDE}.Release|x86.ActiveCfg = Release|Any CPU
		{911B26A2-2936-4152-9287-C0F84989CEDE}.Release|x86.Build.0 = Release|Any CPU
		{2C164F02-2748-4DD7-81A7-2EBEEAAFB59B}.Debug|Any CPU.ActiveCfg = Debug|Any CPU
		{2C164F02-2748-4DD7-81A7-2EBEEAAFB59B}.Debug|Any CPU.Build.0 = Debug|Any CPU
		{2C164F02-2748-4DD7-81A7-2EBEEAAFB59B}.Debug|x64.ActiveCfg = Debug|Any CPU
		{2C164F02-2748-4DD7-81A7-2EBEEAAFB59B}.Debug|x64.Build.0 = Debug|Any CPU
		{2C164F02-2748-4DD7-81A7-2EBEEAAFB59B}.Debug|x86.ActiveCfg = Debug|Any CPU
		{2C164F02-2748-4DD7-81A7-2EBEEAAFB59B}.Debug|x86.Build.0 = Debug|Any CPU
		{2C164F02-2748-4DD7-81A7-2EBEEAAFB59B}.Release|Any CPU.ActiveCfg = Release|Any CPU
		{2C164F02-2748-4DD7-81A7-2EBEEAAFB59B}.Release|Any CPU.Build.0 = Release|Any CPU
		{2C164F02-2748-4DD7-81A7-2EBEEAAFB59B}.Release|x64.ActiveCfg = Release|Any CPU
		{2C164F02-2748-4DD7-81A7-2EBEEAAFB59B}.Release|x64.Build.0 = Release|Any CPU
		{2C164F02-2748-4DD7-81A7-2EBEEAAFB59B}.Release|x86.ActiveCfg = Release|Any CPU
		{2C164F02-2748-4DD7-81A7-2EBEEAAFB59B}.Release|x86.Build.0 = Release|Any CPU
		{60838153-1E5B-430B-BB41-72FB7B8E82DC}.Debug|Any CPU.ActiveCfg = Debug|Any CPU
		{60838153-1E5B-430B-BB41-72FB7B8E82DC}.Debug|Any CPU.Build.0 = Debug|Any CPU
		{60838153-1E5B-430B-BB41-72FB7B8E82DC}.Debug|x64.ActiveCfg = Debug|Any CPU
		{60838153-1E5B-430B-BB41-72FB7B8E82DC}.Debug|x64.Build.0 = Debug|Any CPU
		{60838153-1E5B-430B-BB41-72FB7B8E82DC}.Debug|x86.ActiveCfg = Debug|Any CPU
		{60838153-1E5B-430B-BB41-72FB7B8E82DC}.Debug|x86.Build.0 = Debug|Any CPU
		{60838153-1E5B-430B-BB41-72FB7B8E82DC}.Release|Any CPU.ActiveCfg = Release|Any CPU
		{60838153-1E5B-430B-BB41-72FB7B8E82DC}.Release|Any CPU.Build.0 = Release|Any CPU
		{60838153-1E5B-430B-BB41-72FB7B8E82DC}.Release|x64.ActiveCfg = Release|Any CPU
		{60838153-1E5B-430B-BB41-72FB7B8E82DC}.Release|x64.Build.0 = Release|Any CPU
		{60838153-1E5B-430B-BB41-72FB7B8E82DC}.Release|x86.ActiveCfg = Release|Any CPU
		{60838153-1E5B-430B-BB41-72FB7B8E82DC}.Release|x86.Build.0 = Release|Any CPU
		{F2E86D48-974F-4455-8BBF-4E3362D1871F}.Debug|Any CPU.ActiveCfg = Debug|Any CPU
		{F2E86D48-974F-4455-8BBF-4E3362D1871F}.Debug|Any CPU.Build.0 = Debug|Any CPU
		{F2E86D48-974F-4455-8BBF-4E3362D1871F}.Debug|x64.ActiveCfg = Debug|Any CPU
		{F2E86D48-974F-4455-8BBF-4E3362D1871F}.Debug|x64.Build.0 = Debug|Any CPU
		{F2E86D48-974F-4455-8BBF-4E3362D1871F}.Debug|x86.ActiveCfg = Debug|Any CPU
		{F2E86D48-974F-4455-8BBF-4E3362D1871F}.Debug|x86.Build.0 = Debug|Any CPU
		{F2E86D48-974F-4455-8BBF-4E3362D1871F}.Release|Any CPU.ActiveCfg = Release|Any CPU
		{F2E86D48-974F-4455-8BBF-4E3362D1871F}.Release|Any CPU.Build.0 = Release|Any CPU
		{F2E86D48-974F-4455-8BBF-4E3362D1871F}.Release|x64.ActiveCfg = Release|Any CPU
		{F2E86D48-974F-4455-8BBF-4E3362D1871F}.Release|x64.Build.0 = Release|Any CPU
		{F2E86D48-974F-4455-8BBF-4E3362D1871F}.Release|x86.ActiveCfg = Release|Any CPU
		{F2E86D48-974F-4455-8BBF-4E3362D1871F}.Release|x86.Build.0 = Release|Any CPU
		{2679CE71-217B-4A6C-B01F-624044789CFF}.Debug|Any CPU.ActiveCfg = Debug|Any CPU
		{2679CE71-217B-4A6C-B01F-624044789CFF}.Debug|Any CPU.Build.0 = Debug|Any CPU
		{2679CE71-217B-4A6C-B01F-624044789CFF}.Debug|x64.ActiveCfg = Debug|Any CPU
		{2679CE71-217B-4A6C-B01F-624044789CFF}.Debug|x64.Build.0 = Debug|Any CPU
		{2679CE71-217B-4A6C-B01F-624044789CFF}.Debug|x86.ActiveCfg = Debug|Any CPU
		{2679CE71-217B-4A6C-B01F-624044789CFF}.Debug|x86.Build.0 = Debug|Any CPU
		{2679CE71-217B-4A6C-B01F-624044789CFF}.Release|Any CPU.ActiveCfg = Release|Any CPU
		{2679CE71-217B-4A6C-B01F-624044789CFF}.Release|Any CPU.Build.0 = Release|Any CPU
		{2679CE71-217B-4A6C-B01F-624044789CFF}.Release|x64.ActiveCfg = Release|Any CPU
		{2679CE71-217B-4A6C-B01F-624044789CFF}.Release|x64.Build.0 = Release|Any CPU
		{2679CE71-217B-4A6C-B01F-624044789CFF}.Release|x86.ActiveCfg = Release|Any CPU
		{2679CE71-217B-4A6C-B01F-624044789CFF}.Release|x86.Build.0 = Release|Any CPU
		{299B19E5-B535-4D7F-8376-BFAC2994D3EC}.Debug|Any CPU.ActiveCfg = Debug|Any CPU
		{299B19E5-B535-4D7F-8376-BFAC2994D3EC}.Debug|Any CPU.Build.0 = Debug|Any CPU
		{299B19E5-B535-4D7F-8376-BFAC2994D3EC}.Debug|x64.ActiveCfg = Debug|Any CPU
		{299B19E5-B535-4D7F-8376-BFAC2994D3EC}.Debug|x64.Build.0 = Debug|Any CPU
		{299B19E5-B535-4D7F-8376-BFAC2994D3EC}.Debug|x86.ActiveCfg = Debug|Any CPU
		{299B19E5-B535-4D7F-8376-BFAC2994D3EC}.Debug|x86.Build.0 = Debug|Any CPU
		{299B19E5-B535-4D7F-8376-BFAC2994D3EC}.Release|Any CPU.ActiveCfg = Release|Any CPU
		{299B19E5-B535-4D7F-8376-BFAC2994D3EC}.Release|Any CPU.Build.0 = Release|Any CPU
		{299B19E5-B535-4D7F-8376-BFAC2994D3EC}.Release|x64.ActiveCfg = Release|Any CPU
		{299B19E5-B535-4D7F-8376-BFAC2994D3EC}.Release|x64.Build.0 = Release|Any CPU
		{299B19E5-B535-4D7F-8376-BFAC2994D3EC}.Release|x86.ActiveCfg = Release|Any CPU
		{299B19E5-B535-4D7F-8376-BFAC2994D3EC}.Release|x86.Build.0 = Release|Any CPU
		{9820C2EB-3712-44B1-B9A7-059E8E3AEB3E}.Debug|Any CPU.ActiveCfg = Debug|Any CPU
		{9820C2EB-3712-44B1-B9A7-059E8E3AEB3E}.Debug|Any CPU.Build.0 = Debug|Any CPU
		{9820C2EB-3712-44B1-B9A7-059E8E3AEB3E}.Debug|x64.ActiveCfg = Debug|Any CPU
		{9820C2EB-3712-44B1-B9A7-059E8E3AEB3E}.Debug|x64.Build.0 = Debug|Any CPU
		{9820C2EB-3712-44B1-B9A7-059E8E3AEB3E}.Debug|x86.ActiveCfg = Debug|Any CPU
		{9820C2EB-3712-44B1-B9A7-059E8E3AEB3E}.Debug|x86.Build.0 = Debug|Any CPU
		{9820C2EB-3712-44B1-B9A7-059E8E3AEB3E}.Release|Any CPU.ActiveCfg = Release|Any CPU
		{9820C2EB-3712-44B1-B9A7-059E8E3AEB3E}.Release|Any CPU.Build.0 = Release|Any CPU
		{9820C2EB-3712-44B1-B9A7-059E8E3AEB3E}.Release|x64.ActiveCfg = Release|Any CPU
		{9820C2EB-3712-44B1-B9A7-059E8E3AEB3E}.Release|x64.Build.0 = Release|Any CPU
		{9820C2EB-3712-44B1-B9A7-059E8E3AEB3E}.Release|x86.ActiveCfg = Release|Any CPU
		{9820C2EB-3712-44B1-B9A7-059E8E3AEB3E}.Release|x86.Build.0 = Release|Any CPU
	EndGlobalSection
	GlobalSection(SolutionProperties) = preSolution
		HideSolutionNode = FALSE
	EndGlobalSection
	GlobalSection(NestedProjects) = preSolution
		{90298CBA-BD6F-3A0A-69D5-97CAD7B05E7E} = {827E0CD3-B72D-47B6-A68D-7590B98EB39B}
		{B0BBDD05-51B3-4D94-8C6F-0A3E68AA38E0} = {90298CBA-BD6F-3A0A-69D5-97CAD7B05E7E}
		{D45E337B-59AA-4701-8A58-CB6C0861A011} = {90298CBA-BD6F-3A0A-69D5-97CAD7B05E7E}
		{90E9559E-5FCF-463D-8A7F-54E44B913E66} = {90298CBA-BD6F-3A0A-69D5-97CAD7B05E7E}
		{7C8B872E-E545-4E0B-B455-6E46291D3C66} = {90298CBA-BD6F-3A0A-69D5-97CAD7B05E7E}
		{527D885C-2D0F-4874-AF2E-ACB621C61798} = {90298CBA-BD6F-3A0A-69D5-97CAD7B05E7E}
		{911B26A2-2936-4152-9287-C0F84989CEDE} = {90298CBA-BD6F-3A0A-69D5-97CAD7B05E7E}
		{2C164F02-2748-4DD7-81A7-2EBEEAAFB59B} = {90298CBA-BD6F-3A0A-69D5-97CAD7B05E7E}
		{60838153-1E5B-430B-BB41-72FB7B8E82DC} = {90298CBA-BD6F-3A0A-69D5-97CAD7B05E7E}
		{F2E86D48-974F-4455-8BBF-4E3362D1871F} = {90298CBA-BD6F-3A0A-69D5-97CAD7B05E7E}
		{2679CE71-217B-4A6C-B01F-624044789CFF} = {90298CBA-BD6F-3A0A-69D5-97CAD7B05E7E}
		{299B19E5-B535-4D7F-8376-BFAC2994D3EC} = {90298CBA-BD6F-3A0A-69D5-97CAD7B05E7E}
		{9820C2EB-3712-44B1-B9A7-059E8E3AEB3E} = {90298CBA-BD6F-3A0A-69D5-97CAD7B05E7E}
	EndGlobalSection
EndGlobal
